
Microsoft Visual Studio Solution File, Format Version 12.00
# Visual Studio Version 17
VisualStudioVersion = 17.0.31903.59
MinimumVisualStudioVersion = 10.0.40219.1
Project("{2150E333-8FDC-42A3-9474-1A3956D46DE8}") = "src", "src", "{827E0CD3-B72D-47B6-A68D-7590B98EB39B}"
EndProject
Project("{FAE04EC0-301F-11D3-BF4B-00C04F79EFBC}") = "ModManager.Core", "src\ModManager.Core\ModManager.Core.csproj", "{F1FBA523-540D-41C2-82AC-F31929D6BDE6}"
EndProject
Project("{FAE04EC0-301F-11D3-BF4B-00C04F79EFBC}") = "ModManager.Tests", "tests\ModManager.Tests\ModManager.Tests.csproj", "{413BB9DA-72DF-45DB-831F-9E3564ACEAE5}"
EndProject
Project("{FAE04EC0-301F-11D3-BF4B-00C04F79EFBC}") = "ModManager.Plugin", "src\ModManager.Plugin\ModManager.Plugin.csproj", "{C3FA3BCA-3072-49C8-A41C-025C3E523F1D}"
EndProject
Global
	GlobalSection(SolutionConfigurationPlatforms) = preSolution
		Debug|Any CPU = Debug|Any CPU
		Debug|x64 = Debug|x64
		Debug|x86 = Debug|x86
		Release|Any CPU = Release|Any CPU
		Release|x64 = Release|x64
		Release|x86 = Release|x86
	EndGlobalSection
	GlobalSection(ProjectConfigurationPlatforms) = postSolution
		{F1FBA523-540D-41C2-82AC-F31929D6BDE6}.Debug|Any CPU.ActiveCfg = Debug|Any CPU
		{F1FBA523-540D-41C2-82AC-F31929D6BDE6}.Debug|Any CPU.Build.0 = Debug|Any CPU
		{F1FBA523-540D-41C2-82AC-F31929D6BDE6}.Debug|x64.ActiveCfg = Debug|Any CPU
		{F1FBA523-540D-41C2-82AC-F31929D6BDE6}.Debug|x64.Build.0 = Debug|Any CPU
		{F1FBA523-540D-41C2-82AC-F31929D6BDE6}.Debug|x86.ActiveCfg = Debug|Any CPU
		{F1FBA523-540D-41C2-82AC-F31929D6BDE6}.Debug|x86.Build.0 = Debug|Any CPU
		{F1FBA523-540D-41C2-82AC-F31929D6BDE6}.Release|Any CPU.ActiveCfg = Release|Any CPU
		{F1FBA523-540D-41C2-82AC-F31929D6BDE6}.Release|Any CPU.Build.0 = Release|Any CPU
		{F1FBA523-540D-41C2-82AC-F31929D6BDE6}.Release|x64.ActiveCfg = Release|Any CPU
		{F1FBA523-540D-41C2-82AC-F31929D6BDE6}.Release|x64.Build.0 = Release|Any CPU
		{F1FBA523-540D-41C2-82AC-F31929D6BDE6}.Release|x86.ActiveCfg = Release|Any CPU
		{F1FBA523-540D-41C2-82AC-F31929D6BDE6}.Release|x86.Build.0 = Release|Any CPU
		{413BB9DA-72DF-45DB-831F-9E3564ACEAE5}.Debug|Any CPU.ActiveCfg = Debug|Any CPU
		{413BB9DA-72DF-45DB-831F-9E3564ACEAE5}.Debug|Any CPU.Build.0 = Debug|Any CPU
		{413BB9DA-72DF-45DB-831F-9E3564ACEAE5}.Debug|x64.ActiveCfg = Debug|Any CPU
		{413BB9DA-72DF-45DB-831F-9E3564ACEAE5}.Debug|x64.Build.0 = Debug|Any CPU
		{413BB9DA-72DF-45DB-831F-9E3564ACEAE5}.Debug|x86.ActiveCfg = Debug|Any CPU
		{413BB9DA-72DF-45DB-831F-9E3564ACEAE5}.Debug|x86.Build.0 = Debug|Any CPU
		{413BB9DA-72DF-45DB-831F-9E3564ACEAE5}.Release|Any CPU.ActiveCfg = Release|Any CPU
		{413BB9DA-72DF-45DB-831F-9E3564ACEAE5}.Release|Any CPU.Build.0 = Release|Any CPU
		{413BB9DA-72DF-45DB-831F-9E3564ACEAE5}.Release|x64.ActiveCfg = Release|Any CPU
		{413BB9DA-72DF-45DB-831F-9E3564ACEAE5}.Release|x64.Build.0 = Release|Any CPU
		{413BB9DA-72DF-45DB-831F-9E3564ACEAE5}.Release|x86.ActiveCfg = Release|Any CPU
		{413BB9DA-72DF-45DB-831F-9E3564ACEAE5}.Release|x86.Build.0 = Release|Any CPU
		{C3FA3BCA-3072-49C8-A41C-025C3E523F1D}.Debug|Any CPU.ActiveCfg = Debug|Any CPU
		{C3FA3BCA-3072-49C8-A41C-025C3E523F1D}.Debug|Any CPU.Build.0 = Debug|Any CPU
		{C3FA3BCA-3072-49C8-A41C-025C3E523F1D}.Debug|x64.ActiveCfg = Debug|Any CPU
		{C3FA3BCA-3072-49C8-A41C-025C3E523F1D}.Debug|x64.Build.0 = Debug|Any CPU
		{C3FA3BCA-3072-49C8-A41C-025C3E523F1D}.Debug|x86.ActiveCfg = Debug|Any CPU
		{C3FA3BCA-3072-49C8-A41C-025C3E523F1D}.Debug|x86.Build.0 = Debug|Any CPU
		{C3FA3BCA-3072-49C8-A41C-025C3E523F1D}.Release|Any CPU.ActiveCfg = Release|Any CPU
		{C3FA3BCA-3072-49C8-A41C-025C3E523F1D}.Release|Any CPU.Build.0 = Release|Any CPU
		{C3FA3BCA-3072-49C8-A41C-025C3E523F1D}.Release|x64.ActiveCfg = Release|Any CPU
		{C3FA3BCA-3072-49C8-A41C-025C3E523F1D}.Release|x64.Build.0 = Release|Any CPU
		{C3FA3BCA-3072-49C8-A41C-025C3E523F1D}.Release|x86.ActiveCfg = Release|Any CPU
		{C3FA3BCA-3072-49C8-A41C-025C3E523F1D}.Release|x86.Build.0 = Release|Any CPU
	EndGlobalSection
	GlobalSection(SolutionProperties) = preSolution
		HideSolutionNode = FALSE
	EndGlobalSection
	GlobalSection(NestedProjects) = preSolution
		{F1FBA523-540D-41C2-82AC-F31929D6BDE6} = {827E0CD3-B72D-47B6-A68D-7590B98EB39B}
		{413BB9DA-72DF-45DB-831F-9E3564ACEAE5} = {827E0CD3-B72D-47B6-A68D-7590B98EB39B}
		{C3FA3BCA-3072-49C8-A41C-025C3E523F1D} = {827E0CD3-B72D-47B6-A68D-7590B98EB39B}
	EndGlobalSection
EndGlobal
